// !$*UTF8*$!
{
	archiveVersion = 1;
	classes = {
	};
	objectVersion = 50;
	objects = {

/* Begin PBXAggregateTarget section */
		DDB8127223FA5C0C0079FEB5 /* Generate Sources */ = {
			isa = PBXAggregateTarget;
			buildConfigurationList = DDB8127323FA5C0C0079FEB5 /* Build configuration list for PBXAggregateTarget "Generate Sources" */;
			buildPhases = (
				DDB8127623FA5C160079FEB5 /* Generate Sources */,
			);
			dependencies = (
			);
			name = "Generate Sources";
			productName = "Generate Sources";
		};
		DDFEECA423F1BA0B0096015C /* Run SwiftLint */ = {
			isa = PBXAggregateTarget;
			buildConfigurationList = DDFEECA523F1BA0B0096015C /* Build configuration list for PBXAggregateTarget "Run SwiftLint" */;
			buildPhases = (
				DDFEECA923F1BA160096015C /* Run SwiftLint */,
			);
			dependencies = (
			);
			name = "Run SwiftLint";
			productName = "Run SwiftLint";
		};
/* End PBXAggregateTarget section */

/* Begin PBXBuildFile section */
		DDB8120723F59B760079FEB5 /* Complex.swift in Sources */ = {isa = PBXBuildFile; fileRef = DDB8120623F59B760079FEB5 /* Complex.swift */; };
		DDB8120823F59B760079FEB5 /* Complex.swift in Sources */ = {isa = PBXBuildFile; fileRef = DDB8120623F59B760079FEB5 /* Complex.swift */; };
		DDB8120923F59B760079FEB5 /* Complex.swift in Sources */ = {isa = PBXBuildFile; fileRef = DDB8120623F59B760079FEB5 /* Complex.swift */; };
		DDB8120A23F59B760079FEB5 /* Complex.swift in Sources */ = {isa = PBXBuildFile; fileRef = DDB8120623F59B760079FEB5 /* Complex.swift */; };
		DDB8120C23F5A8E80079FEB5 /* Functions.swift in Sources */ = {isa = PBXBuildFile; fileRef = DDB8120B23F5A8E80079FEB5 /* Functions.swift */; };
		DDB8120D23F5A8E80079FEB5 /* Functions.swift in Sources */ = {isa = PBXBuildFile; fileRef = DDB8120B23F5A8E80079FEB5 /* Functions.swift */; };
		DDB8120E23F5A8E80079FEB5 /* Functions.swift in Sources */ = {isa = PBXBuildFile; fileRef = DDB8120B23F5A8E80079FEB5 /* Functions.swift */; };
		DDB8120F23F5A8E80079FEB5 /* Functions.swift in Sources */ = {isa = PBXBuildFile; fileRef = DDB8120B23F5A8E80079FEB5 /* Functions.swift */; };
		DDB8121123F5AEB10079FEB5 /* ComplexTests.swift in Sources */ = {isa = PBXBuildFile; fileRef = DDB8121023F5AEB10079FEB5 /* ComplexTests.swift */; };
		DDB8121223F5AEB10079FEB5 /* ComplexTests.swift in Sources */ = {isa = PBXBuildFile; fileRef = DDB8121023F5AEB10079FEB5 /* ComplexTests.swift */; };
		DDB8121323F5AEB10079FEB5 /* ComplexTests.swift in Sources */ = {isa = PBXBuildFile; fileRef = DDB8121023F5AEB10079FEB5 /* ComplexTests.swift */; };
		DDB8121D23F63B960079FEB5 /* Half.framework in Frameworks */ = {isa = PBXBuildFile; fileRef = DDB8121C23F63B900079FEB5 /* Half.framework */; };
		DDB8121E23F63BB60079FEB5 /* Half.framework in Frameworks */ = {isa = PBXBuildFile; fileRef = DDB8121B23F63B890079FEB5 /* Half.framework */; };
		DDB8121F23F63BBA0079FEB5 /* Half.framework in Frameworks */ = {isa = PBXBuildFile; fileRef = DDB8121A23F63B800079FEB5 /* Half.framework */; };
		DDB8122123F656AC0079FEB5 /* FunctionsTests.swift in Sources */ = {isa = PBXBuildFile; fileRef = DDB8122023F656AC0079FEB5 /* FunctionsTests.swift */; };
		DDB8122223F656AC0079FEB5 /* FunctionsTests.swift in Sources */ = {isa = PBXBuildFile; fileRef = DDB8122023F656AC0079FEB5 /* FunctionsTests.swift */; };
		DDB8122323F656AC0079FEB5 /* FunctionsTests.swift in Sources */ = {isa = PBXBuildFile; fileRef = DDB8122023F656AC0079FEB5 /* FunctionsTests.swift */; };
		DDB8125923F707EE0079FEB5 /* Operators.swift in Sources */ = {isa = PBXBuildFile; fileRef = DDB8125823F707EE0079FEB5 /* Operators.swift */; };
		DDB8125A23F707EE0079FEB5 /* Operators.swift in Sources */ = {isa = PBXBuildFile; fileRef = DDB8125823F707EE0079FEB5 /* Operators.swift */; };
		DDB8125B23F707EE0079FEB5 /* Operators.swift in Sources */ = {isa = PBXBuildFile; fileRef = DDB8125823F707EE0079FEB5 /* Operators.swift */; };
		DDB8125C23F707EE0079FEB5 /* Operators.swift in Sources */ = {isa = PBXBuildFile; fileRef = DDB8125823F707EE0079FEB5 /* Operators.swift */; };
		DDB8126223F7B1C90079FEB5 /* ComplexArithmetic.swift in Sources */ = {isa = PBXBuildFile; fileRef = DDB8126123F7B1C90079FEB5 /* ComplexArithmetic.swift */; };
		DDB8126323F7B1C90079FEB5 /* ComplexArithmetic.swift in Sources */ = {isa = PBXBuildFile; fileRef = DDB8126123F7B1C90079FEB5 /* ComplexArithmetic.swift */; };
		DDB8126423F7B1C90079FEB5 /* ComplexArithmetic.swift in Sources */ = {isa = PBXBuildFile; fileRef = DDB8126123F7B1C90079FEB5 /* ComplexArithmetic.swift */; };
		DDB8126523F7B1C90079FEB5 /* ComplexArithmetic.swift in Sources */ = {isa = PBXBuildFile; fileRef = DDB8126123F7B1C90079FEB5 /* ComplexArithmetic.swift */; };
		DDB8126723F7B7F40079FEB5 /* ComplexArithmeticTests.swift in Sources */ = {isa = PBXBuildFile; fileRef = DDB8126623F7B7F40079FEB5 /* ComplexArithmeticTests.swift */; };
		DDB8126823F7B7F40079FEB5 /* ComplexArithmeticTests.swift in Sources */ = {isa = PBXBuildFile; fileRef = DDB8126623F7B7F40079FEB5 /* ComplexArithmeticTests.swift */; };
		DDB8126923F7B7F40079FEB5 /* ComplexArithmeticTests.swift in Sources */ = {isa = PBXBuildFile; fileRef = DDB8126623F7B7F40079FEB5 /* ComplexArithmeticTests.swift */; };
		DDFEEC3D23EF13910096015C /* Complex.framework in Frameworks */ = {isa = PBXBuildFile; fileRef = DDFEEC3323EF13900096015C /* Complex.framework */; };
		DDFEECC723F2001A0096015C /* Complex.framework in Frameworks */ = {isa = PBXBuildFile; fileRef = DDFEECBE23F2001A0096015C /* Complex.framework */; };
		DDFEECE323F2003E0096015C /* Complex.framework in Frameworks */ = {isa = PBXBuildFile; fileRef = DDFEECDA23F2003E0096015C /* Complex.framework */; };
/* End PBXBuildFile section */

/* Begin PBXContainerItemProxy section */
		DDB8127723FA5C380079FEB5 /* PBXContainerItemProxy */ = {
			isa = PBXContainerItemProxy;
			containerPortal = DDFEEC2A23EF13900096015C /* Project object */;
			proxyType = 1;
			remoteGlobalIDString = DDB8127223FA5C0C0079FEB5;
			remoteInfo = "Generate Sources";
		};
		DDB8127923FA5C3E0079FEB5 /* PBXContainerItemProxy */ = {
			isa = PBXContainerItemProxy;
			containerPortal = DDFEEC2A23EF13900096015C /* Project object */;
			proxyType = 1;
			remoteGlobalIDString = DDB8127223FA5C0C0079FEB5;
			remoteInfo = "Generate Sources";
		};
		DDB8127B23FA5C3E0079FEB5 /* PBXContainerItemProxy */ = {
			isa = PBXContainerItemProxy;
			containerPortal = DDFEEC2A23EF13900096015C /* Project object */;
			proxyType = 1;
			remoteGlobalIDString = DDFEECA423F1BA0B0096015C;
			remoteInfo = "Run SwiftLint";
		};
		DDB8127D23FA5C430079FEB5 /* PBXContainerItemProxy */ = {
			isa = PBXContainerItemProxy;
			containerPortal = DDFEEC2A23EF13900096015C /* Project object */;
			proxyType = 1;
			remoteGlobalIDString = DDB8127223FA5C0C0079FEB5;
			remoteInfo = "Generate Sources";
		};
		DDB8127F23FA5C430079FEB5 /* PBXContainerItemProxy */ = {
			isa = PBXContainerItemProxy;
			containerPortal = DDFEEC2A23EF13900096015C /* Project object */;
			proxyType = 1;
			remoteGlobalIDString = DDFEECA423F1BA0B0096015C;
			remoteInfo = "Run SwiftLint";
		};
		DDB8128123FA5C480079FEB5 /* PBXContainerItemProxy */ = {
			isa = PBXContainerItemProxy;
			containerPortal = DDFEEC2A23EF13900096015C /* Project object */;
			proxyType = 1;
			remoteGlobalIDString = DDB8127223FA5C0C0079FEB5;
			remoteInfo = "Generate Sources";
		};
		DDB8128323FA5C480079FEB5 /* PBXContainerItemProxy */ = {
			isa = PBXContainerItemProxy;
			containerPortal = DDFEEC2A23EF13900096015C /* Project object */;
			proxyType = 1;
			remoteGlobalIDString = DDFEECA423F1BA0B0096015C;
			remoteInfo = "Run SwiftLint";
		};
		DDFEEC3E23EF13910096015C /* PBXContainerItemProxy */ = {
			isa = PBXContainerItemProxy;
			containerPortal = DDFEEC2A23EF13900096015C /* Project object */;
			proxyType = 1;
			remoteGlobalIDString = DDFEEC3223EF13900096015C;
			remoteInfo = Complex;
		};
		DDFEECB223F1BB5B0096015C /* PBXContainerItemProxy */ = {
			isa = PBXContainerItemProxy;
			containerPortal = DDFEEC2A23EF13900096015C /* Project object */;
			proxyType = 1;
			remoteGlobalIDString = DDFEECA423F1BA0B0096015C;
			remoteInfo = "Run SwiftLint";
		};
		DDFEECC823F2001A0096015C /* PBXContainerItemProxy */ = {
			isa = PBXContainerItemProxy;
			containerPortal = DDFEEC2A23EF13900096015C /* Project object */;
			proxyType = 1;
			remoteGlobalIDString = DDFEECBD23F2001A0096015C;
			remoteInfo = "Complex macOS";
		};
		DDFEECE423F2003E0096015C /* PBXContainerItemProxy */ = {
			isa = PBXContainerItemProxy;
			containerPortal = DDFEEC2A23EF13900096015C /* Project object */;
			proxyType = 1;
			remoteGlobalIDString = DDFEECD923F2003E0096015C;
			remoteInfo = "Complex tvOS";
		};
/* End PBXContainerItemProxy section */

/* Begin PBXFileReference section */
		DDB8120623F59B760079FEB5 /* Complex.swift */ = {isa = PBXFileReference; lastKnownFileType = sourcecode.swift; path = Complex.swift; sourceTree = "<group>"; };
		DDB8120B23F5A8E80079FEB5 /* Functions.swift */ = {isa = PBXFileReference; lastKnownFileType = sourcecode.swift; path = Functions.swift; sourceTree = "<group>"; };
		DDB8121023F5AEB10079FEB5 /* ComplexTests.swift */ = {isa = PBXFileReference; lastKnownFileType = sourcecode.swift; path = ComplexTests.swift; sourceTree = "<group>"; };
		DDB8121423F634770079FEB5 /* Cartfile.private */ = {isa = PBXFileReference; lastKnownFileType = text; path = Cartfile.private; sourceTree = "<group>"; };
		DDB8121A23F63B800079FEB5 /* Half.framework */ = {isa = PBXFileReference; lastKnownFileType = wrapper.framework; name = Half.framework; path = Carthage/Build/tvOS/Half.framework; sourceTree = "<group>"; };
		DDB8121B23F63B890079FEB5 /* Half.framework */ = {isa = PBXFileReference; lastKnownFileType = wrapper.framework; name = Half.framework; path = Carthage/Build/Mac/Half.framework; sourceTree = "<group>"; };
		DDB8121C23F63B900079FEB5 /* Half.framework */ = {isa = PBXFileReference; lastKnownFileType = wrapper.framework; name = Half.framework; path = Carthage/Build/iOS/Half.framework; sourceTree = "<group>"; };
		DDB8122023F656AC0079FEB5 /* FunctionsTests.swift */ = {isa = PBXFileReference; lastKnownFileType = sourcecode.swift; path = FunctionsTests.swift; sourceTree = "<group>"; };
		DDB8125823F707EE0079FEB5 /* Operators.swift */ = {isa = PBXFileReference; lastKnownFileType = sourcecode.swift; path = Operators.swift; sourceTree = "<group>"; };
		DDB8126123F7B1C90079FEB5 /* ComplexArithmetic.swift */ = {isa = PBXFileReference; lastKnownFileType = sourcecode.swift; path = ComplexArithmetic.swift; sourceTree = "<group>"; };
		DDB8126623F7B7F40079FEB5 /* ComplexArithmeticTests.swift */ = {isa = PBXFileReference; fileEncoding = 4; lastKnownFileType = sourcecode.swift; path = ComplexArithmeticTests.swift; sourceTree = "<group>"; };
		DDB8126B23FA2B950079FEB5 /* gyb.py */ = {isa = PBXFileReference; lastKnownFileType = text.script.python; path = gyb.py; sourceTree = "<group>"; };
		DDB8126C23FA2B950079FEB5 /* gyb */ = {isa = PBXFileReference; lastKnownFileType = text; path = gyb; sourceTree = "<group>"; };
		DDB8126F23FA2C210079FEB5 /* Functions.swift.gyb */ = {isa = PBXFileReference; explicitFileType = text.script.python; path = Functions.swift.gyb; sourceTree = "<group>"; };
		DDB8127123FA4DA50079FEB5 /* ATTRIBUTIONS */ = {isa = PBXFileReference; lastKnownFileType = text; path = ATTRIBUTIONS; sourceTree = "<group>"; };
		DDB8128523FB1A430079FEB5 /* FunctionsTests.swift.gyb */ = {isa = PBXFileReference; explicitFileType = text.script.python; path = FunctionsTests.swift.gyb; sourceTree = "<group>"; };
		DDFEEC3323EF13900096015C /* Complex.framework */ = {isa = PBXFileReference; explicitFileType = wrapper.framework; includeInIndex = 0; path = Complex.framework; sourceTree = BUILT_PRODUCTS_DIR; };
		DDFEEC3723EF13900096015C /* Complex-Info.plist */ = {isa = PBXFileReference; lastKnownFileType = text.plist.xml; name = "Complex-Info.plist"; path = "Info/Complex-Info.plist"; sourceTree = "<group>"; };
		DDFEEC3C23EF13910096015C /* ComplexTests.xctest */ = {isa = PBXFileReference; explicitFileType = wrapper.cfbundle; includeInIndex = 0; path = ComplexTests.xctest; sourceTree = BUILT_PRODUCTS_DIR; };
		DDFEEC4323EF13910096015C /* ComplexTests-Info.plist */ = {isa = PBXFileReference; lastKnownFileType = text.plist.xml; name = "ComplexTests-Info.plist"; path = "../../Info/ComplexTests-Info.plist"; sourceTree = "<group>"; };
		DDFEECAB23F1BA550096015C /* Complex.podspec */ = {isa = PBXFileReference; lastKnownFileType = text; path = Complex.podspec; sourceTree = SOURCE_ROOT; xcLanguageSpecificationIdentifier = xcode.lang.ruby; };
		DDFEECAC23F1BA550096015C /* Package.swift */ = {isa = PBXFileReference; lastKnownFileType = sourcecode.swift; path = Package.swift; sourceTree = SOURCE_ROOT; };
		DDFEECAD23F1BA5E0096015C /* .travis.yml */ = {isa = PBXFileReference; lastKnownFileType = text.yaml; path = .travis.yml; sourceTree = SOURCE_ROOT; };
		DDFEECAE23F1BA5E0096015C /* .swiftlint.yml */ = {isa = PBXFileReference; lastKnownFileType = text.yaml; path = .swiftlint.yml; sourceTree = SOURCE_ROOT; };
		DDFEECAF23F1BA680096015C /* README.md */ = {isa = PBXFileReference; lastKnownFileType = net.daringfireball.markdown; path = README.md; sourceTree = SOURCE_ROOT; };
		DDFEECB123F1BA730096015C /* LICENSE */ = {isa = PBXFileReference; lastKnownFileType = text; path = LICENSE; sourceTree = SOURCE_ROOT; };
		DDFEECBE23F2001A0096015C /* Complex.framework */ = {isa = PBXFileReference; explicitFileType = wrapper.framework; includeInIndex = 0; path = Complex.framework; sourceTree = BUILT_PRODUCTS_DIR; };
		DDFEECC623F2001A0096015C /* ComplexTests.xctest */ = {isa = PBXFileReference; explicitFileType = wrapper.cfbundle; includeInIndex = 0; path = ComplexTests.xctest; sourceTree = BUILT_PRODUCTS_DIR; };
		DDFEECDA23F2003E0096015C /* Complex.framework */ = {isa = PBXFileReference; explicitFileType = wrapper.framework; includeInIndex = 0; path = Complex.framework; sourceTree = BUILT_PRODUCTS_DIR; };
		DDFEECE223F2003E0096015C /* ComplexTests.xctest */ = {isa = PBXFileReference; explicitFileType = wrapper.cfbundle; includeInIndex = 0; path = ComplexTests.xctest; sourceTree = BUILT_PRODUCTS_DIR; };
		DDFEECF623F2004D0096015C /* Complex.framework */ = {isa = PBXFileReference; explicitFileType = wrapper.framework; includeInIndex = 0; path = Complex.framework; sourceTree = BUILT_PRODUCTS_DIR; };
/* End PBXFileReference section */

/* Begin PBXFrameworksBuildPhase section */
		DDFEEC3023EF13900096015C /* Frameworks */ = {
			isa = PBXFrameworksBuildPhase;
			buildActionMask = 2147483647;
			files = (
			);
			runOnlyForDeploymentPostprocessing = 0;
		};
		DDFEEC3923EF13910096015C /* Frameworks */ = {
			isa = PBXFrameworksBuildPhase;
			buildActionMask = 2147483647;
			files = (
				DDFEEC3D23EF13910096015C /* Complex.framework in Frameworks */,
				DDB8121D23F63B960079FEB5 /* Half.framework in Frameworks */,
			);
			runOnlyForDeploymentPostprocessing = 0;
		};
		DDFEECBB23F2001A0096015C /* Frameworks */ = {
			isa = PBXFrameworksBuildPhase;
			buildActionMask = 2147483647;
			files = (
			);
			runOnlyForDeploymentPostprocessing = 0;
		};
		DDFEECC323F2001A0096015C /* Frameworks */ = {
			isa = PBXFrameworksBuildPhase;
			buildActionMask = 2147483647;
			files = (
				DDFEECC723F2001A0096015C /* Complex.framework in Frameworks */,
				DDB8121E23F63BB60079FEB5 /* Half.framework in Frameworks */,
			);
			runOnlyForDeploymentPostprocessing = 0;
		};
		DDFEECD723F2003E0096015C /* Frameworks */ = {
			isa = PBXFrameworksBuildPhase;
			buildActionMask = 2147483647;
			files = (
			);
			runOnlyForDeploymentPostprocessing = 0;
		};
		DDFEECDF23F2003E0096015C /* Frameworks */ = {
			isa = PBXFrameworksBuildPhase;
			buildActionMask = 2147483647;
			files = (
				DDFEECE323F2003E0096015C /* Complex.framework in Frameworks */,
				DDB8121F23F63BBA0079FEB5 /* Half.framework in Frameworks */,
			);
			runOnlyForDeploymentPostprocessing = 0;
		};
		DDFEECF323F2004D0096015C /* Frameworks */ = {
			isa = PBXFrameworksBuildPhase;
			buildActionMask = 2147483647;
			files = (
			);
			runOnlyForDeploymentPostprocessing = 0;
		};
/* End PBXFrameworksBuildPhase section */

/* Begin PBXGroup section */
		DD94FBF723F3C50E0041D4EC /* Tests */ = {
			isa = PBXGroup;
			children = (
				DDFEEC4023EF13910096015C /* ComplexTests */,
			);
			path = Tests;
			sourceTree = "<group>";
		};
		DDB8121523F63B2C0079FEB5 /* Frameworks */ = {
			isa = PBXGroup;
			children = (
				DDB8121C23F63B900079FEB5 /* Half.framework */,
				DDB8121B23F63B890079FEB5 /* Half.framework */,
				DDB8121A23F63B800079FEB5 /* Half.framework */,
			);
			name = Frameworks;
			sourceTree = "<group>";
		};
		DDB8126A23FA2B810079FEB5 /* Utils */ = {
			isa = PBXGroup;
			children = (
				DDB8126C23FA2B950079FEB5 /* gyb */,
				DDB8126B23FA2B950079FEB5 /* gyb.py */,
			);
			path = Utils;
			sourceTree = "<group>";
		};
		DDFEEC2923EF13900096015C = {
			isa = PBXGroup;
			children = (
				DDFEEC3523EF13900096015C /* Complex */,
				DDFEEC3423EF13900096015C /* Products */,
				DDB8121523F63B2C0079FEB5 /* Frameworks */,
			);
			sourceTree = "<group>";
		};
		DDFEEC3423EF13900096015C /* Products */ = {
			isa = PBXGroup;
			children = (
				DDFEEC3323EF13900096015C /* Complex.framework */,
				DDFEEC3C23EF13910096015C /* ComplexTests.xctest */,
				DDFEECBE23F2001A0096015C /* Complex.framework */,
				DDFEECC623F2001A0096015C /* ComplexTests.xctest */,
				DDFEECDA23F2003E0096015C /* Complex.framework */,
				DDFEECE223F2003E0096015C /* ComplexTests.xctest */,
				DDFEECF623F2004D0096015C /* Complex.framework */,
			);
			name = Products;
			sourceTree = "<group>";
		};
		DDFEEC3523EF13900096015C /* Complex */ = {
			isa = PBXGroup;
			children = (
				DDFEEC8E23F0B9F90096015C /* Sources */,
				DDFEECAA23F1BA280096015C /* Supporting Files */,
				DD94FBF723F3C50E0041D4EC /* Tests */,
				DDB8126A23FA2B810079FEB5 /* Utils */,
			);
			name = Complex;
			sourceTree = "<group>";
		};
		DDFEEC4023EF13910096015C /* ComplexTests */ = {
			isa = PBXGroup;
			children = (
				DDB8121023F5AEB10079FEB5 /* ComplexTests.swift */,
				DDB8126623F7B7F40079FEB5 /* ComplexArithmeticTests.swift */,
				DDB8122023F656AC0079FEB5 /* FunctionsTests.swift */,
				DDB8128523FB1A430079FEB5 /* FunctionsTests.swift.gyb */,
				DDFEEC4323EF13910096015C /* ComplexTests-Info.plist */,
			);
			path = ComplexTests;
			sourceTree = "<group>";
		};
		DDFEEC8E23F0B9F90096015C /* Sources */ = {
			isa = PBXGroup;
			children = (
				DDFEEDA723F359280096015C /* Complex */,
			);
			path = Sources;
			sourceTree = "<group>";
		};
		DDFEECAA23F1BA280096015C /* Supporting Files */ = {
			isa = PBXGroup;
			children = (
				DDFEECAB23F1BA550096015C /* Complex.podspec */,
				DDB8121423F634770079FEB5 /* Cartfile.private */,
				DDFEECAC23F1BA550096015C /* Package.swift */,
				DDFEECAE23F1BA5E0096015C /* .swiftlint.yml */,
				DDFEECAD23F1BA5E0096015C /* .travis.yml */,
				DDFEECAF23F1BA680096015C /* README.md */,
				DDB8127123FA4DA50079FEB5 /* ATTRIBUTIONS */,
				DDFEECB123F1BA730096015C /* LICENSE */,
				DDFEEC3723EF13900096015C /* Complex-Info.plist */,
			);
			name = "Supporting Files";
			sourceTree = "<group>";
		};
		DDFEEDA723F359280096015C /* Complex */ = {
			isa = PBXGroup;
			children = (
				DDB8120623F59B760079FEB5 /* Complex.swift */,
				DDB8126123F7B1C90079FEB5 /* ComplexArithmetic.swift */,
				DDB8126F23FA2C210079FEB5 /* Functions.swift.gyb */,
				DDB8120B23F5A8E80079FEB5 /* Functions.swift */,
				DDB8125823F707EE0079FEB5 /* Operators.swift */,
			);
			path = Complex;
			sourceTree = "<group>";
		};
/* End PBXGroup section */

/* Begin PBXHeadersBuildPhase section */
		DDFEEC2E23EF13900096015C /* Headers */ = {
			isa = PBXHeadersBuildPhase;
			buildActionMask = 2147483647;
			files = (
			);
			runOnlyForDeploymentPostprocessing = 0;
		};
		DDFEECB923F2001A0096015C /* Headers */ = {
			isa = PBXHeadersBuildPhase;
			buildActionMask = 2147483647;
			files = (
			);
			runOnlyForDeploymentPostprocessing = 0;
		};
		DDFEECD523F2003E0096015C /* Headers */ = {
			isa = PBXHeadersBuildPhase;
			buildActionMask = 2147483647;
			files = (
			);
			runOnlyForDeploymentPostprocessing = 0;
		};
		DDFEECF123F2004D0096015C /* Headers */ = {
			isa = PBXHeadersBuildPhase;
			buildActionMask = 2147483647;
			files = (
			);
			runOnlyForDeploymentPostprocessing = 0;
		};
/* End PBXHeadersBuildPhase section */

/* Begin PBXNativeTarget section */
		DDFEEC3223EF13900096015C /* Complex */ = {
			isa = PBXNativeTarget;
			buildConfigurationList = DDFEEC4723EF13910096015C /* Build configuration list for PBXNativeTarget "Complex" */;
			buildPhases = (
				DDFEEC2E23EF13900096015C /* Headers */,
				DDFEEC2F23EF13900096015C /* Sources */,
				DDFEEC3023EF13900096015C /* Frameworks */,
				DDFEEC3123EF13900096015C /* Resources */,
			);
			buildRules = (
			);
			dependencies = (
				DDB8127823FA5C380079FEB5 /* PBXTargetDependency */,
				DDFEECB323F1BB5B0096015C /* PBXTargetDependency */,
			);
			name = Complex;
			productName = Complex;
			productReference = DDFEEC3323EF13900096015C /* Complex.framework */;
			productType = "com.apple.product-type.framework";
		};
		DDFEEC3B23EF13910096015C /* ComplexTests */ = {
			isa = PBXNativeTarget;
			buildConfigurationList = DDFEEC4A23EF13910096015C /* Build configuration list for PBXNativeTarget "ComplexTests" */;
			buildPhases = (
				DDFEEC3823EF13910096015C /* Sources */,
				DDFEEC3923EF13910096015C /* Frameworks */,
				DDFEEC3A23EF13910096015C /* Resources */,
			);
			buildRules = (
			);
			dependencies = (
				DDFEEC3F23EF13910096015C /* PBXTargetDependency */,
			);
			name = ComplexTests;
			productName = ComplexTests;
			productReference = DDFEEC3C23EF13910096015C /* ComplexTests.xctest */;
			productType = "com.apple.product-type.bundle.unit-test";
		};
		DDFEECBD23F2001A0096015C /* Complex macOS */ = {
			isa = PBXNativeTarget;
			buildConfigurationList = DDFEECCF23F2001A0096015C /* Build configuration list for PBXNativeTarget "Complex macOS" */;
			buildPhases = (
				DDFEECB923F2001A0096015C /* Headers */,
				DDFEECBA23F2001A0096015C /* Sources */,
				DDFEECBB23F2001A0096015C /* Frameworks */,
				DDFEECBC23F2001A0096015C /* Resources */,
			);
			buildRules = (
			);
			dependencies = (
				DDB8127A23FA5C3E0079FEB5 /* PBXTargetDependency */,
				DDB8127C23FA5C3E0079FEB5 /* PBXTargetDependency */,
			);
			name = "Complex macOS";
			productName = "Complex macOS";
			productReference = DDFEECBE23F2001A0096015C /* Complex.framework */;
			productType = "com.apple.product-type.framework";
		};
		DDFEECC523F2001A0096015C /* Complex macOS Tests */ = {
			isa = PBXNativeTarget;
			buildConfigurationList = DDFEECD223F2001A0096015C /* Build configuration list for PBXNativeTarget "Complex macOS Tests" */;
			buildPhases = (
				DDFEECC223F2001A0096015C /* Sources */,
				DDFEECC323F2001A0096015C /* Frameworks */,
				DDFEECC423F2001A0096015C /* Resources */,
			);
			buildRules = (
			);
			dependencies = (
				DDFEECC923F2001A0096015C /* PBXTargetDependency */,
			);
			name = "Complex macOS Tests";
			productName = "Complex macOSTests";
			productReference = DDFEECC623F2001A0096015C /* ComplexTests.xctest */;
			productType = "com.apple.product-type.bundle.unit-test";
		};
		DDFEECD923F2003E0096015C /* Complex tvOS */ = {
			isa = PBXNativeTarget;
			buildConfigurationList = DDFEECEB23F2003E0096015C /* Build configuration list for PBXNativeTarget "Complex tvOS" */;
			buildPhases = (
				DDFEECD523F2003E0096015C /* Headers */,
				DDFEECD623F2003E0096015C /* Sources */,
				DDFEECD723F2003E0096015C /* Frameworks */,
				DDFEECD823F2003E0096015C /* Resources */,
			);
			buildRules = (
			);
			dependencies = (
				DDB8127E23FA5C430079FEB5 /* PBXTargetDependency */,
				DDB8128023FA5C430079FEB5 /* PBXTargetDependency */,
			);
			name = "Complex tvOS";
			productName = "Complex tvOS";
			productReference = DDFEECDA23F2003E0096015C /* Complex.framework */;
			productType = "com.apple.product-type.framework";
		};
		DDFEECE123F2003E0096015C /* Complex tvOS Tests */ = {
			isa = PBXNativeTarget;
			buildConfigurationList = DDFEECEE23F2003E0096015C /* Build configuration list for PBXNativeTarget "Complex tvOS Tests" */;
			buildPhases = (
				DDFEECDE23F2003E0096015C /* Sources */,
				DDFEECDF23F2003E0096015C /* Frameworks */,
				DDFEECE023F2003E0096015C /* Resources */,
			);
			buildRules = (
			);
			dependencies = (
				DDFEECE523F2003E0096015C /* PBXTargetDependency */,
			);
			name = "Complex tvOS Tests";
			productName = "Complex tvOSTests";
			productReference = DDFEECE223F2003E0096015C /* ComplexTests.xctest */;
			productType = "com.apple.product-type.bundle.unit-test";
		};
		DDFEECF523F2004D0096015C /* Complex watchOS */ = {
			isa = PBXNativeTarget;
			buildConfigurationList = DDFEECFB23F2004D0096015C /* Build configuration list for PBXNativeTarget "Complex watchOS" */;
			buildPhases = (
				DDFEECF123F2004D0096015C /* Headers */,
				DDFEECF223F2004D0096015C /* Sources */,
				DDFEECF323F2004D0096015C /* Frameworks */,
				DDFEECF423F2004D0096015C /* Resources */,
			);
			buildRules = (
			);
			dependencies = (
				DDB8128223FA5C480079FEB5 /* PBXTargetDependency */,
				DDB8128423FA5C480079FEB5 /* PBXTargetDependency */,
			);
			name = "Complex watchOS";
			productName = "Complex watchOS";
			productReference = DDFEECF623F2004D0096015C /* Complex.framework */;
			productType = "com.apple.product-type.framework";
		};
/* End PBXNativeTarget section */

/* Begin PBXProject section */
		DDFEEC2A23EF13900096015C /* Project object */ = {
			isa = PBXProject;
			attributes = {
				LastSwiftUpdateCheck = 1130;
				LastUpgradeCheck = 1130;
				ORGANIZATIONNAME = SomeRandomiOSDev;
				TargetAttributes = {
					DDB8127223FA5C0C0079FEB5 = {
						CreatedOnToolsVersion = 11.3.1;
					};
					DDFEEC3223EF13900096015C = {
						CreatedOnToolsVersion = 11.3.1;
						LastSwiftMigration = 1130;
					};
					DDFEEC3B23EF13910096015C = {
						CreatedOnToolsVersion = 11.3.1;
						LastSwiftMigration = 1130;
					};
					DDFEECA423F1BA0B0096015C = {
						CreatedOnToolsVersion = 11.3.1;
					};
					DDFEECBD23F2001A0096015C = {
						CreatedOnToolsVersion = 11.3.1;
						LastSwiftMigration = 1130;
					};
					DDFEECC523F2001A0096015C = {
						CreatedOnToolsVersion = 11.3.1;
						LastSwiftMigration = 1130;
					};
					DDFEECD923F2003E0096015C = {
						CreatedOnToolsVersion = 11.3.1;
						LastSwiftMigration = 1130;
					};
					DDFEECE123F2003E0096015C = {
						CreatedOnToolsVersion = 11.3.1;
						LastSwiftMigration = 1130;
					};
					DDFEECF523F2004D0096015C = {
						CreatedOnToolsVersion = 11.3.1;
						LastSwiftMigration = 1130;
					};
				};
			};
			buildConfigurationList = DDFEEC2D23EF13900096015C /* Build configuration list for PBXProject "Complex" */;
			compatibilityVersion = "Xcode 9.3";
			developmentRegion = en;
			hasScannedForEncodings = 0;
			knownRegions = (
				en,
				Base,
			);
			mainGroup = DDFEEC2923EF13900096015C;
			productRefGroup = DDFEEC3423EF13900096015C /* Products */;
			projectDirPath = "";
			projectRoot = "";
			targets = (
				DDFEEC3223EF13900096015C /* Complex */,
				DDFEEC3B23EF13910096015C /* ComplexTests */,
				DDFEECBD23F2001A0096015C /* Complex macOS */,
				DDFEECC523F2001A0096015C /* Complex macOS Tests */,
				DDFEECD923F2003E0096015C /* Complex tvOS */,
				DDFEECE123F2003E0096015C /* Complex tvOS Tests */,
				DDFEECF523F2004D0096015C /* Complex watchOS */,
				DDB8127223FA5C0C0079FEB5 /* Generate Sources */,
				DDFEECA423F1BA0B0096015C /* Run SwiftLint */,
			);
		};
/* End PBXProject section */

/* Begin PBXResourcesBuildPhase section */
		DDFEEC3123EF13900096015C /* Resources */ = {
			isa = PBXResourcesBuildPhase;
			buildActionMask = 2147483647;
			files = (
			);
			runOnlyForDeploymentPostprocessing = 0;
		};
		DDFEEC3A23EF13910096015C /* Resources */ = {
			isa = PBXResourcesBuildPhase;
			buildActionMask = 2147483647;
			files = (
			);
			runOnlyForDeploymentPostprocessing = 0;
		};
		DDFEECBC23F2001A0096015C /* Resources */ = {
			isa = PBXResourcesBuildPhase;
			buildActionMask = 2147483647;
			files = (
			);
			runOnlyForDeploymentPostprocessing = 0;
		};
		DDFEECC423F2001A0096015C /* Resources */ = {
			isa = PBXResourcesBuildPhase;
			buildActionMask = 2147483647;
			files = (
			);
			runOnlyForDeploymentPostprocessing = 0;
		};
		DDFEECD823F2003E0096015C /* Resources */ = {
			isa = PBXResourcesBuildPhase;
			buildActionMask = 2147483647;
			files = (
			);
			runOnlyForDeploymentPostprocessing = 0;
		};
		DDFEECE023F2003E0096015C /* Resources */ = {
			isa = PBXResourcesBuildPhase;
			buildActionMask = 2147483647;
			files = (
			);
			runOnlyForDeploymentPostprocessing = 0;
		};
		DDFEECF423F2004D0096015C /* Resources */ = {
			isa = PBXResourcesBuildPhase;
			buildActionMask = 2147483647;
			files = (
			);
			runOnlyForDeploymentPostprocessing = 0;
		};
/* End PBXResourcesBuildPhase section */

/* Begin PBXShellScriptBuildPhase section */
		DDB8127623FA5C160079FEB5 /* Generate Sources */ = {
			isa = PBXShellScriptBuildPhase;
			buildActionMask = 2147483647;
			files = (
			);
			inputFileListPaths = (
			);
			inputPaths = (
				"$(SRCROOT)/Sources/Complex/Functions.swift.gyb",
				"$(SRCROOT)/Tests/ComplexTests/FunctionsTests.swift.gyb",
			);
			name = "Generate Sources";
			outputFileListPaths = (
			);
			outputPaths = (
				"$(SRCROOT)/Sources/Complex/Functions.swift",
				"$(SRCROOT)/Tests/ComplexTests/FunctionsTests.swift",
			);
			runOnlyForDeploymentPostprocessing = 0;
			shellPath = /bin/sh;
			shellScript = "./utils/gyb --line-directive '' -o ./Sources/Complex/Functions.swift ./Sources/Complex/Functions.swift.gyb\n./utils/gyb --line-directive '' -o ./Tests/ComplexTests/FunctionsTests.swift ./Tests/ComplexTests/FunctionsTests.swift.gyb\n";
		};
		DDFEECA923F1BA160096015C /* Run SwiftLint */ = {
			isa = PBXShellScriptBuildPhase;
			buildActionMask = 2147483647;
			files = (
			);
			inputFileListPaths = (
			);
			inputPaths = (
			);
			name = "Run SwiftLint";
			outputFileListPaths = (
			);
			outputPaths = (
			);
			runOnlyForDeploymentPostprocessing = 0;
			shellPath = /bin/sh;
			shellScript = "if which swiftlint >/dev/null; then\n    swiftlint\nelse\n    echo \"warning: SwiftLint not installed, download from https://github.com/realm/SwiftLint\"\nfi\n";
		};
/* End PBXShellScriptBuildPhase section */

/* Begin PBXSourcesBuildPhase section */
		DDFEEC2F23EF13900096015C /* Sources */ = {
			isa = PBXSourcesBuildPhase;
			buildActionMask = 2147483647;
			files = (
				DDB8126223F7B1C90079FEB5 /* ComplexArithmetic.swift in Sources */,
				DDB8125923F707EE0079FEB5 /* Operators.swift in Sources */,
				DDB8120723F59B760079FEB5 /* Complex.swift in Sources */,
				DDB8120C23F5A8E80079FEB5 /* Functions.swift in Sources */,
			);
			runOnlyForDeploymentPostprocessing = 0;
		};
		DDFEEC3823EF13910096015C /* Sources */ = {
			isa = PBXSourcesBuildPhase;
			buildActionMask = 2147483647;
			files = (
				DDB8126723F7B7F40079FEB5 /* ComplexArithmeticTests.swift in Sources */,
				DDB8121123F5AEB10079FEB5 /* ComplexTests.swift in Sources */,
				DDB8122123F656AC0079FEB5 /* FunctionsTests.swift in Sources */,
			);
			runOnlyForDeploymentPostprocessing = 0;
		};
		DDFEECBA23F2001A0096015C /* Sources */ = {
			isa = PBXSourcesBuildPhase;
			buildActionMask = 2147483647;
			files = (
				DDB8126323F7B1C90079FEB5 /* ComplexArithmetic.swift in Sources */,
				DDB8125A23F707EE0079FEB5 /* Operators.swift in Sources */,
				DDB8120823F59B760079FEB5 /* Complex.swift in Sources */,
				DDB8120D23F5A8E80079FEB5 /* Functions.swift in Sources */,
			);
			runOnlyForDeploymentPostprocessing = 0;
		};
		DDFEECC223F2001A0096015C /* Sources */ = {
			isa = PBXSourcesBuildPhase;
			buildActionMask = 2147483647;
			files = (
				DDB8126823F7B7F40079FEB5 /* ComplexArithmeticTests.swift in Sources */,
				DDB8121223F5AEB10079FEB5 /* ComplexTests.swift in Sources */,
				DDB8122223F656AC0079FEB5 /* FunctionsTests.swift in Sources */,
			);
			runOnlyForDeploymentPostprocessing = 0;
		};
		DDFEECD623F2003E0096015C /* Sources */ = {
			isa = PBXSourcesBuildPhase;
			buildActionMask = 2147483647;
			files = (
				DDB8126423F7B1C90079FEB5 /* ComplexArithmetic.swift in Sources */,
				DDB8125B23F707EE0079FEB5 /* Operators.swift in Sources */,
				DDB8120923F59B760079FEB5 /* Complex.swift in Sources */,
				DDB8120E23F5A8E80079FEB5 /* Functions.swift in Sources */,
			);
			runOnlyForDeploymentPostprocessing = 0;
		};
		DDFEECDE23F2003E0096015C /* Sources */ = {
			isa = PBXSourcesBuildPhase;
			buildActionMask = 2147483647;
			files = (
				DDB8126923F7B7F40079FEB5 /* ComplexArithmeticTests.swift in Sources */,
				DDB8121323F5AEB10079FEB5 /* ComplexTests.swift in Sources */,
				DDB8122323F656AC0079FEB5 /* FunctionsTests.swift in Sources */,
			);
			runOnlyForDeploymentPostprocessing = 0;
		};
		DDFEECF223F2004D0096015C /* Sources */ = {
			isa = PBXSourcesBuildPhase;
			buildActionMask = 2147483647;
			files = (
				DDB8126523F7B1C90079FEB5 /* ComplexArithmetic.swift in Sources */,
				DDB8125C23F707EE0079FEB5 /* Operators.swift in Sources */,
				DDB8120A23F59B760079FEB5 /* Complex.swift in Sources */,
				DDB8120F23F5A8E80079FEB5 /* Functions.swift in Sources */,
			);
			runOnlyForDeploymentPostprocessing = 0;
		};
/* End PBXSourcesBuildPhase section */

/* Begin PBXTargetDependency section */
		DDB8127823FA5C380079FEB5 /* PBXTargetDependency */ = {
			isa = PBXTargetDependency;
			target = DDB8127223FA5C0C0079FEB5 /* Generate Sources */;
			targetProxy = DDB8127723FA5C380079FEB5 /* PBXContainerItemProxy */;
		};
		DDB8127A23FA5C3E0079FEB5 /* PBXTargetDependency */ = {
			isa = PBXTargetDependency;
			target = DDB8127223FA5C0C0079FEB5 /* Generate Sources */;
			targetProxy = DDB8127923FA5C3E0079FEB5 /* PBXContainerItemProxy */;
		};
		DDB8127C23FA5C3E0079FEB5 /* PBXTargetDependency */ = {
			isa = PBXTargetDependency;
			target = DDFEECA423F1BA0B0096015C /* Run SwiftLint */;
			targetProxy = DDB8127B23FA5C3E0079FEB5 /* PBXContainerItemProxy */;
		};
		DDB8127E23FA5C430079FEB5 /* PBXTargetDependency */ = {
			isa = PBXTargetDependency;
			target = DDB8127223FA5C0C0079FEB5 /* Generate Sources */;
			targetProxy = DDB8127D23FA5C430079FEB5 /* PBXContainerItemProxy */;
		};
		DDB8128023FA5C430079FEB5 /* PBXTargetDependency */ = {
			isa = PBXTargetDependency;
			target = DDFEECA423F1BA0B0096015C /* Run SwiftLint */;
			targetProxy = DDB8127F23FA5C430079FEB5 /* PBXContainerItemProxy */;
		};
		DDB8128223FA5C480079FEB5 /* PBXTargetDependency */ = {
			isa = PBXTargetDependency;
			target = DDB8127223FA5C0C0079FEB5 /* Generate Sources */;
			targetProxy = DDB8128123FA5C480079FEB5 /* PBXContainerItemProxy */;
		};
		DDB8128423FA5C480079FEB5 /* PBXTargetDependency */ = {
			isa = PBXTargetDependency;
			target = DDFEECA423F1BA0B0096015C /* Run SwiftLint */;
			targetProxy = DDB8128323FA5C480079FEB5 /* PBXContainerItemProxy */;
		};
		DDFEEC3F23EF13910096015C /* PBXTargetDependency */ = {
			isa = PBXTargetDependency;
			target = DDFEEC3223EF13900096015C /* Complex */;
			targetProxy = DDFEEC3E23EF13910096015C /* PBXContainerItemProxy */;
		};
		DDFEECB323F1BB5B0096015C /* PBXTargetDependency */ = {
			isa = PBXTargetDependency;
			target = DDFEECA423F1BA0B0096015C /* Run SwiftLint */;
			targetProxy = DDFEECB223F1BB5B0096015C /* PBXContainerItemProxy */;
		};
		DDFEECC923F2001A0096015C /* PBXTargetDependency */ = {
			isa = PBXTargetDependency;
			target = DDFEECBD23F2001A0096015C /* Complex macOS */;
			targetProxy = DDFEECC823F2001A0096015C /* PBXContainerItemProxy */;
		};
		DDFEECE523F2003E0096015C /* PBXTargetDependency */ = {
			isa = PBXTargetDependency;
			target = DDFEECD923F2003E0096015C /* Complex tvOS */;
			targetProxy = DDFEECE423F2003E0096015C /* PBXContainerItemProxy */;
		};
/* End PBXTargetDependency section */

/* Begin XCBuildConfiguration section */
		DDB8127423FA5C0C0079FEB5 /* Debug */ = {
			isa = XCBuildConfiguration;
			buildSettings = {
				CODE_SIGN_STYLE = Automatic;
				PRODUCT_NAME = "$(TARGET_NAME)";
			};
			name = Debug;
		};
		DDB8127523FA5C0C0079FEB5 /* Release */ = {
			isa = XCBuildConfiguration;
			buildSettings = {
				CODE_SIGN_STYLE = Automatic;
				PRODUCT_NAME = "$(TARGET_NAME)";
			};
			name = Release;
		};
		DDFEEC4523EF13910096015C /* Debug */ = {
			isa = XCBuildConfiguration;
			buildSettings = {
				ALWAYS_SEARCH_USER_PATHS = NO;
				CLANG_ANALYZER_NONNULL = YES;
				CLANG_ANALYZER_NUMBER_OBJECT_CONVERSION = YES_AGGRESSIVE;
				CLANG_CXX_LANGUAGE_STANDARD = "gnu++14";
				CLANG_CXX_LIBRARY = "libc++";
				CLANG_ENABLE_MODULES = YES;
				CLANG_ENABLE_OBJC_ARC = YES;
				CLANG_ENABLE_OBJC_WEAK = YES;
				CLANG_WARN_BLOCK_CAPTURE_AUTORELEASING = YES;
				CLANG_WARN_BOOL_CONVERSION = YES;
				CLANG_WARN_COMMA = YES;
				CLANG_WARN_CONSTANT_CONVERSION = YES;
				CLANG_WARN_DEPRECATED_OBJC_IMPLEMENTATIONS = YES;
				CLANG_WARN_DIRECT_OBJC_ISA_USAGE = YES_ERROR;
				CLANG_WARN_DOCUMENTATION_COMMENTS = YES;
				CLANG_WARN_EMPTY_BODY = YES;
				CLANG_WARN_ENUM_CONVERSION = YES;
				CLANG_WARN_INFINITE_RECURSION = YES;
				CLANG_WARN_INT_CONVERSION = YES;
				CLANG_WARN_NON_LITERAL_NULL_CONVERSION = YES;
				CLANG_WARN_OBJC_IMPLICIT_RETAIN_SELF = YES;
				CLANG_WARN_OBJC_LITERAL_CONVERSION = YES;
				CLANG_WARN_OBJC_ROOT_CLASS = YES_ERROR;
				CLANG_WARN_RANGE_LOOP_ANALYSIS = YES;
				CLANG_WARN_STRICT_PROTOTYPES = YES;
				CLANG_WARN_SUSPICIOUS_MOVE = YES;
				CLANG_WARN_UNGUARDED_AVAILABILITY = YES_AGGRESSIVE;
				CLANG_WARN_UNREACHABLE_CODE = YES;
				CLANG_WARN__DUPLICATE_METHOD_MATCH = YES;
				COPY_PHASE_STRIP = NO;
				CURRENT_PROJECT_VERSION = 1;
				DEBUG_INFORMATION_FORMAT = dwarf;
				ENABLE_STRICT_OBJC_MSGSEND = YES;
				ENABLE_TESTABILITY = YES;
				GCC_C_LANGUAGE_STANDARD = gnu11;
				GCC_DYNAMIC_NO_PIC = NO;
				GCC_NO_COMMON_BLOCKS = YES;
				GCC_OPTIMIZATION_LEVEL = 0;
				GCC_PREPROCESSOR_DEFINITIONS = (
					"$(inherited)",
					"DEBUG=1",
					"SUPPRESS_Complex_NATIVE_HEADER_ERROR=1",
				);
				GCC_WARN_64_TO_32_BIT_CONVERSION = YES;
				GCC_WARN_ABOUT_RETURN_TYPE = YES_ERROR;
				GCC_WARN_UNDECLARED_SELECTOR = YES;
				GCC_WARN_UNINITIALIZED_AUTOS = YES_AGGRESSIVE;
				GCC_WARN_UNUSED_FUNCTION = YES;
				GCC_WARN_UNUSED_VARIABLE = YES;
				IPHONEOS_DEPLOYMENT_TARGET = 8.0;
				MACOSX_DEPLOYMENT_TARGET = 10.10;
				MTL_ENABLE_DEBUG_INFO = INCLUDE_SOURCE;
				MTL_FAST_MATH = YES;
				ONLY_ACTIVE_ARCH = YES;
				SDKROOT = iphoneos;
				SWIFT_ACTIVE_COMPILATION_CONDITIONS = DEBUG;
				SWIFT_OPTIMIZATION_LEVEL = "-Onone";
				SWIFT_VERSION = 5.0;
				TVOS_DEPLOYMENT_TARGET = 9.0;
				VERSIONING_SYSTEM = "apple-generic";
				VERSION_INFO_PREFIX = "";
				WATCHOS_DEPLOYMENT_TARGET = 2.0;
			};
			name = Debug;
		};
		DDFEEC4623EF13910096015C /* Release */ = {
			isa = XCBuildConfiguration;
			buildSettings = {
				ALWAYS_SEARCH_USER_PATHS = NO;
				CLANG_ANALYZER_NONNULL = YES;
				CLANG_ANALYZER_NUMBER_OBJECT_CONVERSION = YES_AGGRESSIVE;
				CLANG_CXX_LANGUAGE_STANDARD = "gnu++14";
				CLANG_CXX_LIBRARY = "libc++";
				CLANG_ENABLE_MODULES = YES;
				CLANG_ENABLE_OBJC_ARC = YES;
				CLANG_ENABLE_OBJC_WEAK = YES;
				CLANG_WARN_BLOCK_CAPTURE_AUTORELEASING = YES;
				CLANG_WARN_BOOL_CONVERSION = YES;
				CLANG_WARN_COMMA = YES;
				CLANG_WARN_CONSTANT_CONVERSION = YES;
				CLANG_WARN_DEPRECATED_OBJC_IMPLEMENTATIONS = YES;
				CLANG_WARN_DIRECT_OBJC_ISA_USAGE = YES_ERROR;
				CLANG_WARN_DOCUMENTATION_COMMENTS = YES;
				CLANG_WARN_EMPTY_BODY = YES;
				CLANG_WARN_ENUM_CONVERSION = YES;
				CLANG_WARN_INFINITE_RECURSION = YES;
				CLANG_WARN_INT_CONVERSION = YES;
				CLANG_WARN_NON_LITERAL_NULL_CONVERSION = YES;
				CLANG_WARN_OBJC_IMPLICIT_RETAIN_SELF = YES;
				CLANG_WARN_OBJC_LITERAL_CONVERSION = YES;
				CLANG_WARN_OBJC_ROOT_CLASS = YES_ERROR;
				CLANG_WARN_RANGE_LOOP_ANALYSIS = YES;
				CLANG_WARN_STRICT_PROTOTYPES = YES;
				CLANG_WARN_SUSPICIOUS_MOVE = YES;
				CLANG_WARN_UNGUARDED_AVAILABILITY = YES_AGGRESSIVE;
				CLANG_WARN_UNREACHABLE_CODE = YES;
				CLANG_WARN__DUPLICATE_METHOD_MATCH = YES;
				COPY_PHASE_STRIP = NO;
				CURRENT_PROJECT_VERSION = 1;
				DEBUG_INFORMATION_FORMAT = "dwarf-with-dsym";
				ENABLE_NS_ASSERTIONS = NO;
				ENABLE_STRICT_OBJC_MSGSEND = YES;
				GCC_C_LANGUAGE_STANDARD = gnu11;
				GCC_NO_COMMON_BLOCKS = YES;
				GCC_PREPROCESSOR_DEFINITIONS = "SUPPRESS_Complex_NATIVE_HEADER_ERROR=1";
				GCC_WARN_64_TO_32_BIT_CONVERSION = YES;
				GCC_WARN_ABOUT_RETURN_TYPE = YES_ERROR;
				GCC_WARN_UNDECLARED_SELECTOR = YES;
				GCC_WARN_UNINITIALIZED_AUTOS = YES_AGGRESSIVE;
				GCC_WARN_UNUSED_FUNCTION = YES;
				GCC_WARN_UNUSED_VARIABLE = YES;
				IPHONEOS_DEPLOYMENT_TARGET = 8.0;
				MACOSX_DEPLOYMENT_TARGET = 10.10;
				MTL_ENABLE_DEBUG_INFO = NO;
				MTL_FAST_MATH = YES;
				SDKROOT = iphoneos;
				SWIFT_COMPILATION_MODE = wholemodule;
				SWIFT_OPTIMIZATION_LEVEL = "-O";
				SWIFT_VERSION = 5.0;
				TVOS_DEPLOYMENT_TARGET = 9.0;
				VALIDATE_PRODUCT = YES;
				VERSIONING_SYSTEM = "apple-generic";
				VERSION_INFO_PREFIX = "";
				WATCHOS_DEPLOYMENT_TARGET = 2.0;
			};
			name = Release;
		};
		DDFEEC4823EF13910096015C /* Debug */ = {
			isa = XCBuildConfiguration;
			buildSettings = {
				CLANG_ENABLE_MODULES = YES;
				CODE_SIGN_STYLE = Automatic;
				DEFINES_MODULE = YES;
				DYLIB_COMPATIBILITY_VERSION = 1;
				DYLIB_CURRENT_VERSION = 1;
				DYLIB_INSTALL_NAME_BASE = "@rpath";
				INFOPLIST_FILE = "Info/Complex-Info.plist";
				INSTALL_PATH = "$(LOCAL_LIBRARY_DIR)/Frameworks";
				LD_RUNPATH_SEARCH_PATHS = (
					"$(inherited)",
					"@executable_path/Frameworks",
					"@loader_path/Frameworks",
				);
				MACH_O_TYPE = mh_dylib;
				PRODUCT_BUNDLE_IDENTIFIER = com.somerandomiosdev.Complex;
				PRODUCT_NAME = Complex;
				SKIP_INSTALL = YES;
				SWIFT_OPTIMIZATION_LEVEL = "-Onone";
				TARGETED_DEVICE_FAMILY = "1,2";
			};
			name = Debug;
		};
		DDFEEC4923EF13910096015C /* Release */ = {
			isa = XCBuildConfiguration;
			buildSettings = {
				CLANG_ENABLE_MODULES = YES;
				CODE_SIGN_STYLE = Automatic;
				DEFINES_MODULE = YES;
				DYLIB_COMPATIBILITY_VERSION = 1;
				DYLIB_CURRENT_VERSION = 1;
				DYLIB_INSTALL_NAME_BASE = "@rpath";
				INFOPLIST_FILE = "Info/Complex-Info.plist";
				INSTALL_PATH = "$(LOCAL_LIBRARY_DIR)/Frameworks";
				LD_RUNPATH_SEARCH_PATHS = (
					"$(inherited)",
					"@executable_path/Frameworks",
					"@loader_path/Frameworks",
				);
				MACH_O_TYPE = mh_dylib;
				PRODUCT_BUNDLE_IDENTIFIER = com.somerandomiosdev.Complex;
				PRODUCT_NAME = Complex;
				SKIP_INSTALL = YES;
				TARGETED_DEVICE_FAMILY = "1,2";
			};
			name = Release;
		};
		DDFEEC4B23EF13910096015C /* Debug */ = {
			isa = XCBuildConfiguration;
			buildSettings = {
				ALWAYS_EMBED_SWIFT_STANDARD_LIBRARIES = YES;
				CLANG_ENABLE_MODULES = YES;
				CODE_SIGN_STYLE = Automatic;
				FRAMEWORK_SEARCH_PATHS = (
					"$(inherited)",
					"$(PROJECT_DIR)/Carthage/Build/iOS",
				);
				INFOPLIST_FILE = "Info/ComplexTests-Info.plist";
				LD_RUNPATH_SEARCH_PATHS = (
					"$(inherited)",
					"@executable_path/Frameworks",
					"@loader_path/Frameworks",
					"\"${PROJECT_DIR}/Carthage/Build/iOS\"",
				);
				PRODUCT_BUNDLE_IDENTIFIER = com.somerandomiosdev.Complex.tests;
				PRODUCT_NAME = ComplexTests;
				SWIFT_OPTIMIZATION_LEVEL = "-Onone";
				TARGETED_DEVICE_FAMILY = "1,2";
			};
			name = Debug;
		};
		DDFEEC4C23EF13910096015C /* Release */ = {
			isa = XCBuildConfiguration;
			buildSettings = {
				ALWAYS_EMBED_SWIFT_STANDARD_LIBRARIES = YES;
				CLANG_ENABLE_MODULES = YES;
				CODE_SIGN_STYLE = Automatic;
				FRAMEWORK_SEARCH_PATHS = (
					"$(inherited)",
					"$(PROJECT_DIR)/Carthage/Build/iOS",
				);
				INFOPLIST_FILE = "Info/ComplexTests-Info.plist";
				LD_RUNPATH_SEARCH_PATHS = (
					"$(inherited)",
					"@executable_path/Frameworks",
					"@loader_path/Frameworks",
					"\"${PROJECT_DIR}/Carthage/Build/iOS\"",
				);
				PRODUCT_BUNDLE_IDENTIFIER = com.somerandomiosdev.Complex.tests;
				PRODUCT_NAME = ComplexTests;
				TARGETED_DEVICE_FAMILY = "1,2";
			};
			name = Release;
		};
		DDFEECA623F1BA0B0096015C /* Debug */ = {
			isa = XCBuildConfiguration;
			buildSettings = {
				CODE_SIGN_STYLE = Automatic;
				PRODUCT_NAME = "$(TARGET_NAME)";
			};
			name = Debug;
		};
		DDFEECA723F1BA0B0096015C /* Release */ = {
			isa = XCBuildConfiguration;
			buildSettings = {
				CODE_SIGN_STYLE = Automatic;
				PRODUCT_NAME = "$(TARGET_NAME)";
			};
			name = Release;
		};
		DDFEECD023F2001A0096015C /* Debug */ = {
			isa = XCBuildConfiguration;
			buildSettings = {
				CLANG_ENABLE_MODULES = YES;
				CODE_SIGN_STYLE = Automatic;
				COMBINE_HIDPI_IMAGES = YES;
				DEFINES_MODULE = YES;
				DYLIB_COMPATIBILITY_VERSION = 1;
				DYLIB_CURRENT_VERSION = 1;
				DYLIB_INSTALL_NAME_BASE = "@rpath";
				INFOPLIST_FILE = "Info/Complex-Info.plist";
				INSTALL_PATH = "$(LOCAL_LIBRARY_DIR)/Frameworks";
				LD_RUNPATH_SEARCH_PATHS = (
					"$(inherited)",
					"@executable_path/../Frameworks",
					"@loader_path/Frameworks",
				);
				MACH_O_TYPE = mh_dylib;
				PRODUCT_BUNDLE_IDENTIFIER = com.somerandomiosdev.Complex;
				PRODUCT_NAME = Complex;
				SDKROOT = macosx;
				SKIP_INSTALL = YES;
				SWIFT_OPTIMIZATION_LEVEL = "-Onone";
			};
			name = Debug;
		};
		DDFEECD123F2001A0096015C /* Release */ = {
			isa = XCBuildConfiguration;
			buildSettings = {
				CLANG_ENABLE_MODULES = YES;
				CODE_SIGN_STYLE = Automatic;
				COMBINE_HIDPI_IMAGES = YES;
				DEFINES_MODULE = YES;
				DYLIB_COMPATIBILITY_VERSION = 1;
				DYLIB_CURRENT_VERSION = 1;
				DYLIB_INSTALL_NAME_BASE = "@rpath";
				INFOPLIST_FILE = "Info/Complex-Info.plist";
				INSTALL_PATH = "$(LOCAL_LIBRARY_DIR)/Frameworks";
				LD_RUNPATH_SEARCH_PATHS = (
					"$(inherited)",
					"@executable_path/../Frameworks",
					"@loader_path/Frameworks",
				);
				MACH_O_TYPE = mh_dylib;
				PRODUCT_BUNDLE_IDENTIFIER = com.somerandomiosdev.Complex;
				PRODUCT_NAME = Complex;
				SDKROOT = macosx;
				SKIP_INSTALL = YES;
			};
			name = Release;
		};
		DDFEECD323F2001A0096015C /* Debug */ = {
			isa = XCBuildConfiguration;
			buildSettings = {
				ALWAYS_EMBED_SWIFT_STANDARD_LIBRARIES = YES;
				CLANG_ENABLE_MODULES = YES;
				CODE_SIGN_STYLE = Automatic;
				COMBINE_HIDPI_IMAGES = YES;
				FRAMEWORK_SEARCH_PATHS = (
					"$(inherited)",
					"$(PROJECT_DIR)/Carthage/Build/Mac",
				);
				INFOPLIST_FILE = "Info/ComplexTests-Info.plist";
				LD_RUNPATH_SEARCH_PATHS = (
					"$(inherited)",
					"@executable_path/../Frameworks",
					"@loader_path/../Frameworks",
					"\"${PROJECT_DIR}/Carthage/Build/Mac\"",
				);
				PRODUCT_BUNDLE_IDENTIFIER = com.somerandomiosdev.Complex.tests;
				PRODUCT_NAME = ComplexTests;
				SDKROOT = macosx;
				SWIFT_OPTIMIZATION_LEVEL = "-Onone";
			};
			name = Debug;
		};
		DDFEECD423F2001A0096015C /* Release */ = {
			isa = XCBuildConfiguration;
			buildSettings = {
				ALWAYS_EMBED_SWIFT_STANDARD_LIBRARIES = YES;
				CLANG_ENABLE_MODULES = YES;
				CODE_SIGN_STYLE = Automatic;
				COMBINE_HIDPI_IMAGES = YES;
				FRAMEWORK_SEARCH_PATHS = (
					"$(inherited)",
					"$(PROJECT_DIR)/Carthage/Build/Mac",
				);
				INFOPLIST_FILE = "Info/ComplexTests-Info.plist";
				LD_RUNPATH_SEARCH_PATHS = (
					"$(inherited)",
					"@executable_path/../Frameworks",
					"@loader_path/../Frameworks",
					"\"${PROJECT_DIR}/Carthage/Build/Mac\"",
				);
				PRODUCT_BUNDLE_IDENTIFIER = com.somerandomiosdev.Complex.tests;
				PRODUCT_NAME = ComplexTests;
				SDKROOT = macosx;
			};
			name = Release;
		};
		DDFEECEC23F2003E0096015C /* Debug */ = {
			isa = XCBuildConfiguration;
			buildSettings = {
				CLANG_ENABLE_MODULES = YES;
				CODE_SIGN_STYLE = Automatic;
				DEFINES_MODULE = YES;
				DYLIB_COMPATIBILITY_VERSION = 1;
				DYLIB_CURRENT_VERSION = 1;
				DYLIB_INSTALL_NAME_BASE = "@rpath";
				INFOPLIST_FILE = "Info/Complex-Info.plist";
				INSTALL_PATH = "$(LOCAL_LIBRARY_DIR)/Frameworks";
				LD_RUNPATH_SEARCH_PATHS = (
					"$(inherited)",
					"@executable_path/Frameworks",
					"@loader_path/Frameworks",
				);
				MACH_O_TYPE = mh_dylib;
				PRODUCT_BUNDLE_IDENTIFIER = com.somerandomiosdev.Complex;
				PRODUCT_NAME = Complex;
				SDKROOT = appletvos;
				SKIP_INSTALL = YES;
				SWIFT_OPTIMIZATION_LEVEL = "-Onone";
				TARGETED_DEVICE_FAMILY = 3;
			};
			name = Debug;
		};
		DDFEECED23F2003E0096015C /* Release */ = {
			isa = XCBuildConfiguration;
			buildSettings = {
				CLANG_ENABLE_MODULES = YES;
				CODE_SIGN_STYLE = Automatic;
				DEFINES_MODULE = YES;
				DYLIB_COMPATIBILITY_VERSION = 1;
				DYLIB_CURRENT_VERSION = 1;
				DYLIB_INSTALL_NAME_BASE = "@rpath";
				INFOPLIST_FILE = "Info/Complex-Info.plist";
				INSTALL_PATH = "$(LOCAL_LIBRARY_DIR)/Frameworks";
				LD_RUNPATH_SEARCH_PATHS = (
					"$(inherited)",
					"@executable_path/Frameworks",
					"@loader_path/Frameworks",
				);
				MACH_O_TYPE = mh_dylib;
				PRODUCT_BUNDLE_IDENTIFIER = com.somerandomiosdev.Complex;
				PRODUCT_NAME = Complex;
				SDKROOT = appletvos;
				SKIP_INSTALL = YES;
				TARGETED_DEVICE_FAMILY = 3;
			};
			name = Release;
		};
		DDFEECEF23F2003E0096015C /* Debug */ = {
			isa = XCBuildConfiguration;
			buildSettings = {
				ALWAYS_EMBED_SWIFT_STANDARD_LIBRARIES = YES;
				CLANG_ENABLE_MODULES = YES;
				CODE_SIGN_STYLE = Automatic;
				FRAMEWORK_SEARCH_PATHS = (
					"$(inherited)",
					"$(PROJECT_DIR)/Carthage/Build/tvOS",
				);
				INFOPLIST_FILE = "Info/ComplexTests-Info.plist";
				LD_RUNPATH_SEARCH_PATHS = (
					"$(inherited)",
					"@executable_path/Frameworks",
					"@loader_path/Frameworks",
					"\"${PROJECT_DIR}/Carthage/Build/tvOS\"",
				);
				PRODUCT_BUNDLE_IDENTIFIER = com.somerandomiosdev.Complex.tests;
				PRODUCT_NAME = ComplexTests;
				SDKROOT = appletvos;
				SWIFT_OPTIMIZATION_LEVEL = "-Onone";
				TARGETED_DEVICE_FAMILY = 3;
			};
			name = Debug;
		};
		DDFEECF023F2003E0096015C /* Release */ = {
			isa = XCBuildConfiguration;
			buildSettings = {
				ALWAYS_EMBED_SWIFT_STANDARD_LIBRARIES = YES;
				CLANG_ENABLE_MODULES = YES;
				CODE_SIGN_STYLE = Automatic;
				FRAMEWORK_SEARCH_PATHS = (
					"$(inherited)",
					"$(PROJECT_DIR)/Carthage/Build/tvOS",
				);
				INFOPLIST_FILE = "Info/ComplexTests-Info.plist";
				LD_RUNPATH_SEARCH_PATHS = (
					"$(inherited)",
					"@executable_path/Frameworks",
					"@loader_path/Frameworks",
					"\"${PROJECT_DIR}/Carthage/Build/tvOS\"",
				);
				PRODUCT_BUNDLE_IDENTIFIER = com.somerandomiosdev.Complex.tests;
				PRODUCT_NAME = ComplexTests;
				SDKROOT = appletvos;
				TARGETED_DEVICE_FAMILY = 3;
			};
			name = Release;
		};
		DDFEECFC23F2004D0096015C /* Debug */ = {
			isa = XCBuildConfiguration;
			buildSettings = {
				APPLICATION_EXTENSION_API_ONLY = YES;
				CLANG_ENABLE_MODULES = YES;
				CODE_SIGN_STYLE = Automatic;
				DEFINES_MODULE = YES;
				DYLIB_COMPATIBILITY_VERSION = 1;
				DYLIB_CURRENT_VERSION = 1;
				DYLIB_INSTALL_NAME_BASE = "@rpath";
				INFOPLIST_FILE = "Info/Complex-Info.plist";
				INSTALL_PATH = "$(LOCAL_LIBRARY_DIR)/Frameworks";
				LD_RUNPATH_SEARCH_PATHS = (
					"$(inherited)",
					"@executable_path/Frameworks",
					"@loader_path/Frameworks",
				);
				MACH_O_TYPE = mh_dylib;
				PRODUCT_BUNDLE_IDENTIFIER = com.somerandomiosdev.Complex;
				PRODUCT_NAME = Complex;
				SDKROOT = watchos;
				SKIP_INSTALL = YES;
				SWIFT_OPTIMIZATION_LEVEL = "-Onone";
				TARGETED_DEVICE_FAMILY = 4;
			};
			name = Debug;
		};
		DDFEECFD23F2004D0096015C /* Release */ = {
			isa = XCBuildConfiguration;
			buildSettings = {
				APPLICATION_EXTENSION_API_ONLY = YES;
				CLANG_ENABLE_MODULES = YES;
				CODE_SIGN_STYLE = Automatic;
				DEFINES_MODULE = YES;
				DYLIB_COMPATIBILITY_VERSION = 1;
				DYLIB_CURRENT_VERSION = 1;
				DYLIB_INSTALL_NAME_BASE = "@rpath";
				INFOPLIST_FILE = "Info/Complex-Info.plist";
				INSTALL_PATH = "$(LOCAL_LIBRARY_DIR)/Frameworks";
				LD_RUNPATH_SEARCH_PATHS = (
					"$(inherited)",
					"@executable_path/Frameworks",
					"@loader_path/Frameworks",
				);
				MACH_O_TYPE = mh_dylib;
				PRODUCT_BUNDLE_IDENTIFIER = com.somerandomiosdev.Complex;
				PRODUCT_NAME = Complex;
				SDKROOT = watchos;
				SKIP_INSTALL = YES;
				TARGETED_DEVICE_FAMILY = 4;
			};
			name = Release;
		};
/* End XCBuildConfiguration section */

/* Begin XCConfigurationList section */
		DDB8127323FA5C0C0079FEB5 /* Build configuration list for PBXAggregateTarget "Generate Sources" */ = {
			isa = XCConfigurationList;
			buildConfigurations = (
				DDB8127423FA5C0C0079FEB5 /* Debug */,
				DDB8127523FA5C0C0079FEB5 /* Release */,
			);
			defaultConfigurationIsVisible = 0;
			defaultConfigurationName = Release;
		};
		DDFEEC2D23EF13900096015C /* Build configuration list for PBXProject "Complex" */ = {
			isa = XCConfigurationList;
			buildConfigurations = (
				DDFEEC4523EF13910096015C /* Debug */,
				DDFEEC4623EF13910096015C /* Release */,
			);
			defaultConfigurationIsVisible = 0;
			defaultConfigurationName = Release;
		};
		DDFEEC4723EF13910096015C /* Build configuration list for PBXNativeTarget "Complex" */ = {
			isa = XCConfigurationList;
			buildConfigurations = (
				DDFEEC4823EF13910096015C /* Debug */,
				DDFEEC4923EF13910096015C /* Release */,
			);
			defaultConfigurationIsVisible = 0;
			defaultConfigurationName = Release;
		};
		DDFEEC4A23EF13910096015C /* Build configuration list for PBXNativeTarget "ComplexTests" */ = {
			isa = XCConfigurationList;
			buildConfigurations = (
				DDFEEC4B23EF13910096015C /* Debug */,
				DDFEEC4C23EF13910096015C /* Release */,
			);
			defaultConfigurationIsVisible = 0;
			defaultConfigurationName = Release;
		};
		DDFEECA523F1BA0B0096015C /* Build configuration list for PBXAggregateTarget "Run SwiftLint" */ = {
			isa = XCConfigurationList;
			buildConfigurations = (
				DDFEECA623F1BA0B0096015C /* Debug */,
				DDFEECA723F1BA0B0096015C /* Release */,
			);
			defaultConfigurationIsVisible = 0;
			defaultConfigurationName = Release;
		};
		DDFEECCF23F2001A0096015C /* Build configuration list for PBXNativeTarget "Complex macOS" */ = {
			isa = XCConfigurationList;
			buildConfigurations = (
				DDFEECD023F2001A0096015C /* Debug */,
				DDFEECD123F2001A0096015C /* Release */,
			);
			defaultConfigurationIsVisible = 0;
			defaultConfigurationName = Release;
		};
		DDFEECD223F2001A0096015C /* Build configuration list for PBXNativeTarget "Complex macOS Tests" */ = {
			isa = XCConfigurationList;
			buildConfigurations = (
				DDFEECD323F2001A0096015C /* Debug */,
				DDFEECD423F2001A0096015C /* Release */,
			);
			defaultConfigurationIsVisible = 0;
			defaultConfigurationName = Release;
		};
		DDFEECEB23F2003E0096015C /* Build configuration list for PBXNativeTarget "Complex tvOS" */ = {
			isa = XCConfigurationList;
			buildConfigurations = (
				DDFEECEC23F2003E0096015C /* Debug */,
				DDFEECED23F2003E0096015C /* Release */,
			);
			defaultConfigurationIsVisible = 0;
			defaultConfigurationName = Release;
		};
		DDFEECEE23F2003E0096015C /* Build configuration list for PBXNativeTarget "Complex tvOS Tests" */ = {
			isa = XCConfigurationList;
			buildConfigurations = (
				DDFEECEF23F2003E0096015C /* Debug */,
				DDFEECF023F2003E0096015C /* Release */,
			);
			defaultConfigurationIsVisible = 0;
			defaultConfigurationName = Release;
		};
		DDFEECFB23F2004D0096015C /* Build configuration list for PBXNativeTarget "Complex watchOS" */ = {
			isa = XCConfigurationList;
			buildConfigurations = (
				DDFEECFC23F2004D0096015C /* Debug */,
				DDFEECFD23F2004D0096015C /* Release */,
			);
			defaultConfigurationIsVisible = 0;
			defaultConfigurationName = Release;
		};
/* End XCConfigurationList section */
	};
	rootObject = DDFEEC2A23EF13900096015C /* Project object */;
}
